# Code generated by scarb DO NOT EDIT.
version = 1

[[package]]
name = "openzeppelin"
version = "0.7.0-rc.0"
source = "git+https://github.com/OpenZeppelin/cairo-contracts.git?tag=v0.7.0-rc.0#fbdd7593681a1515dabcbf722fb99c88edf200fe"

[[package]]
name = "pragma_lib"
version = "1.0.0"
source = "git+https://github.com/astraly-labs/pragma-lib#24bb4da111ae7eb00e7cf40d4f1767c86d6447cd"

[[package]]
name = "snforge_std"
version = "0.1.0"
source = "git+https://github.com/foundry-rs/starknet-foundry?tag=v0.13.0#99c2f9d33159988efd339bd969c78d82b0b4b6f7"

[[package]]
name = "vrf"
version = "0.1.0"
dependencies = [
 "openzeppelin",
 "pragma_lib",
 "snforge_std",
]
